
Microsoft Visual Studio Solution File, Format Version 12.00
# Visual Studio Version 17
VisualStudioVersion = 17.14.37012.4
MinimumVisualStudioVersion = 10.0.40219.1
Project("{FAE04EC0-301F-11D3-BF4B-00C04F79EFBC}") = "RestaurantCRM.App", "RestaurantCRM.App\RestaurantCRM.App.csproj", "{278B2C7A-FDC4-4BE2-B596-9486C5360F27}"
EndProject
Project("{FAE04EC0-301F-11D3-BF4B-00C04F79EFBC}") = "RestaurantCRM.API", "RestaurantCRM.API\RestaurantCRM.API.csproj", "{780E1EFC-6D33-408E-ABAE-067D2936C7EB}"
EndProject
Project("{FAE04EC0-301F-11D3-BF4B-00C04F79EFBC}") = "RestaurantCRM.Web", "RestaurantCRM.Web\RestaurantCRM.Web.csproj", "{3705B0BC-6B18-44AA-9EB8-0330F230ABDC}"
EndProject
Global
	GlobalSection(SolutionConfigurationPlatforms) = preSolution
		Debug|Any CPU = Debug|Any CPU
		Release|Any CPU = Release|Any CPU
	EndGlobalSection
	GlobalSection(ProjectConfigurationPlatforms) = postSolution
		{278B2C7A-FDC4-4BE2-B596-9486C5360F27}.Debug|Any CPU.ActiveCfg = Debug|Any CPU
		{278B2C7A-FDC4-4BE2-B596-9486C5360F27}.Debug|Any CPU.Build.0 = Debug|Any CPU
		{278B2C7A-FDC4-4BE2-B596-9486C5360F27}.Release|Any CPU.ActiveCfg = Release|Any CPU
		{278B2C7A-FDC4-4BE2-B596-9486C5360F27}.Release|Any CPU.Build.0 = Release|Any CPU
		{780E1EFC-6D33-408E-ABAE-067D2936C7EB}.Debug|Any CPU.ActiveCfg = Debug|Any CPU
		{780E1EFC-6D33-408E-ABAE-067D2936C7EB}.Debug|Any CPU.Build.0 = Debug|Any CPU
		{780E1EFC-6D33-408E-ABAE-067D2936C7EB}.Release|Any CPU.ActiveCfg = Release|Any CPU
		{780E1EFC-6D33-408E-ABAE-067D2936C7EB}.Release|Any CPU.Build.0 = Release|Any CPU
		{3705B0BC-6B18-44AA-9EB8-0330F230ABDC}.Debug|Any CPU.ActiveCfg = Debug|Any CPU
		{3705B0BC-6B18-44AA-9EB8-0330F230ABDC}.Debug|Any CPU.Build.0 = Debug|Any CPU
		{3705B0BC-6B18-44AA-9EB8-0330F230ABDC}.Release|Any CPU.ActiveCfg = Release|Any CPU
		{3705B0BC-6B18-44AA-9EB8-0330F230ABDC}.Release|Any CPU.Build.0 = Release|Any CPU
	EndGlobalSection
	GlobalSection(SolutionProperties) = preSolution
		HideSolutionNode = FALSE
	EndGlobalSection
	GlobalSection(ExtensibilityGlobals) = postSolution
		SolutionGuid = {4877F14D-F5CB-4BEA-BA3D-C30D6F13DCB4}
	EndGlobalSection
EndGlobal
